
Microsoft Visual Studio Solution File, Format Version 12.00
# Visual Studio 2013
VisualStudioVersion = 12.0.21005.1
MinimumVisualStudioVersion = 10.0.40219.1
Project("{FAE04EC0-301F-11D3-BF4B-00C04F79EFBC}") = "DemoDesignPatterns", "DemoDesignPatterns\DemoDesignPatterns.csproj", "{413FCFA2-70FC-4012-84B5-824A6D5F04EB}"
EndProject
Project("{FAE04EC0-301F-11D3-BF4B-00C04F79EFBC}") = "DemoStrategyPattern", "DemoStrategyPattern\DemoStrategyPattern.csproj", "{C3620FF2-1874-4352-8E6D-768F60383514}"
EndProject
Project("{FAE04EC0-301F-11D3-BF4B-00C04F79EFBC}") = "DemoNullObject", "DemoNullObject\DemoNullObject.csproj", "{9397701E-F0CE-4F47-A763-DD0A292A9A62}"
EndProject
Project("{FAE04EC0-301F-11D3-BF4B-00C04F79EFBC}") = "DemoObserverPattern", "DemoObserverPattern\DemoObserverPattern.csproj", "{EB47E91F-7779-4AC2-9680-A3FBF50CAF9A}"
EndProject
Project("{FAE04EC0-301F-11D3-BF4B-00C04F79EFBC}") = "DemoObserverPattern_Tutorialspoint", "DemoObserverPattern_Tutorialspoint\DemoObserverPattern_Tutorialspoint.csproj", "{E1BFCBC4-87B1-47F8-847A-5EBDD4C7A110}"
EndProject
Global
	GlobalSection(SolutionConfigurationPlatforms) = preSolution
		Debug|Any CPU = Debug|Any CPU
		Release|Any CPU = Release|Any CPU
	EndGlobalSection
	GlobalSection(ProjectConfigurationPlatforms) = postSolution
		{413FCFA2-70FC-4012-84B5-824A6D5F04EB}.Debug|Any CPU.ActiveCfg = Debug|Any CPU
		{413FCFA2-70FC-4012-84B5-824A6D5F04EB}.Debug|Any CPU.Build.0 = Debug|Any CPU
		{413FCFA2-70FC-4012-84B5-824A6D5F04EB}.Release|Any CPU.ActiveCfg = Release|Any CPU
		{413FCFA2-70FC-4012-84B5-824A6D5F04EB}.Release|Any CPU.Build.0 = Release|Any CPU
		{C3620FF2-1874-4352-8E6D-768F60383514}.Debug|Any CPU.ActiveCfg = Debug|Any CPU
		{C3620FF2-1874-4352-8E6D-768F60383514}.Debug|Any CPU.Build.0 = Debug|Any CPU
		{C3620FF2-1874-4352-8E6D-768F60383514}.Release|Any CPU.ActiveCfg = Release|Any CPU
		{C3620FF2-1874-4352-8E6D-768F60383514}.Release|Any CPU.Build.0 = Release|Any CPU
		{9397701E-F0CE-4F47-A763-DD0A292A9A62}.Debug|Any CPU.ActiveCfg = Debug|Any CPU
		{9397701E-F0CE-4F47-A763-DD0A292A9A62}.Debug|Any CPU.Build.0 = Debug|Any CPU
		{9397701E-F0CE-4F47-A763-DD0A292A9A62}.Release|Any CPU.ActiveCfg = Release|Any CPU
		{9397701E-F0CE-4F47-A763-DD0A292A9A62}.Release|Any CPU.Build.0 = Release|Any CPU
		{EB47E91F-7779-4AC2-9680-A3FBF50CAF9A}.Debug|Any CPU.ActiveCfg = Debug|Any CPU
		{EB47E91F-7779-4AC2-9680-A3FBF50CAF9A}.Debug|Any CPU.Build.0 = Debug|Any CPU
		{EB47E91F-7779-4AC2-9680-A3FBF50CAF9A}.Release|Any CPU.ActiveCfg = Release|Any CPU
		{EB47E91F-7779-4AC2-9680-A3FBF50CAF9A}.Release|Any CPU.Build.0 = Release|Any CPU
		{E1BFCBC4-87B1-47F8-847A-5EBDD4C7A110}.Debug|Any CPU.ActiveCfg = Debug|Any CPU
		{E1BFCBC4-87B1-47F8-847A-5EBDD4C7A110}.Debug|Any CPU.Build.0 = Debug|Any CPU
		{E1BFCBC4-87B1-47F8-847A-5EBDD4C7A110}.Release|Any CPU.ActiveCfg = Release|Any CPU
		{E1BFCBC4-87B1-47F8-847A-5EBDD4C7A110}.Release|Any CPU.Build.0 = Release|Any CPU
	EndGlobalSection
	GlobalSection(SolutionProperties) = preSolution
		HideSolutionNode = FALSE
	EndGlobalSection
EndGlobal
